
Microsoft Visual Studio Solution File, Format Version 12.00
# Visual Studio Version 16
VisualStudioVersion = 16.0.31624.102
MinimumVisualStudioVersion = 10.0.40219.1
Project("{FAE04EC0-301F-11D3-BF4B-00C04F79EFBC}") = "MoodAnalyser", "MoodAnalyser\MoodAnalyser.csproj", "{182A957B-E075-4AAE-B612-B8EB8DD0DC54}"
EndProject
Project("{FAE04EC0-301F-11D3-BF4B-00C04F79EFBC}") = "UnitTest1", "UnitTest1\UnitTest1.csproj", "{908D0327-1292-4774-9FF8-AE9DEAEE9925}"
EndProject
Global
	GlobalSection(SolutionConfigurationPlatforms) = preSolution
		Debug|Any CPU = Debug|Any CPU
		Release|Any CPU = Release|Any CPU
	EndGlobalSection
	GlobalSection(ProjectConfigurationPlatforms) = postSolution
		{182A957B-E075-4AAE-B612-B8EB8DD0DC54}.Debug|Any CPU.ActiveCfg = Debug|Any CPU
		{182A957B-E075-4AAE-B612-B8EB8DD0DC54}.Debug|Any CPU.Build.0 = Debug|Any CPU
		{182A957B-E075-4AAE-B612-B8EB8DD0DC54}.Release|Any CPU.ActiveCfg = Release|Any CPU
		{182A957B-E075-4AAE-B612-B8EB8DD0DC54}.Release|Any CPU.Build.0 = Release|Any CPU
		{908D0327-1292-4774-9FF8-AE9DEAEE9925}.Debug|Any CPU.ActiveCfg = Debug|Any CPU
		{908D0327-1292-4774-9FF8-AE9DEAEE9925}.Debug|Any CPU.Build.0 = Debug|Any CPU
		{908D0327-1292-4774-9FF8-AE9DEAEE9925}.Release|Any CPU.ActiveCfg = Release|Any CPU
		{908D0327-1292-4774-9FF8-AE9DEAEE9925}.Release|Any CPU.Build.0 = Release|Any CPU
	EndGlobalSection
	GlobalSection(SolutionProperties) = preSolution
		HideSolutionNode = FALSE
	EndGlobalSection
	GlobalSection(ExtensibilityGlobals) = postSolution
		SolutionGuid = {3146AB92-E558-43DC-92EC-ABA20605CC4F}
	EndGlobalSection
EndGlobal
